{
    "_meta": {
        "hash": {
            "sha256": "2c8348b8eb31636806c766b73e9ce0903c519050395e71b640fa694dc7b50715"
        },
        "pipfile-spec": 6,
        "requires": {
            "python_version": "3.7"
        },
        "sources": [
            {
                "name": "pypi",
                "url": "https://pypi.org/simple",
                "verify_ssl": true
            }
        ]
    },
    "default": {
        "blobfile": {
            "hashes": [
                "sha256:b2745ce7f08fe993cde63040aee420b6db769cfb997cbc248ba4d5c11ecae504"
            ],
            "index": "pypi",
            "version": "==0.17.2"
        },
        "cloudpickle": {
            "hashes": [
                "sha256:922401d7140e133253ff5fab4faa4a1166416066453a783b00b507dca93f8859",
                "sha256:f3ef2c9d438f1553ce7795afb18c1f190d8146132496169ef6aa9b7b65caa4c3"
            ],
            "index": "pypi",
            "version": "==1.2.2"
        },
        "dataclasses": {
            "hashes": [
                "sha256:454a69d788c7fda44efd71e259be79577822f5e3f53f029a22d08004e951dc9f",
                "sha256:6988bd2b895eef432d562370bb707d540f32f7360ab13da45340101bc2307d84"
            ],
            "index": "pypi",
            "version": "==0.6"
        },
        "filelock": {
            "hashes": [
                "sha256:18d82244ee114f543149c66a6e0c14e9c4f8a1044b5cdaadd0f82159d6a6ff59",
                "sha256:929b7d63ec5b7d6b71b0fa5ac14e030b3f70b75747cef1b10da9b879fef15836"
            ],
            "index": "pypi",
            "version": "==3.0.12"
        },
        "fire": {
            "hashes": [
                "sha256:9736a16227c3d469e5d2d296bce5b4d8fa8d7851e953bda327a455fc2994307f"
            ],
            "index": "pypi",
            "version": "==0.3.1"
        },
        "ftfy": {
            "hashes": [
                "sha256:51c7767f8c4b47d291fcef30b9625fb5341c06a31e6a3b627039c706c42f3720"
            ],
            "index": "pypi",
            "version": "==5.8"
        },
        "mpi4py": {
            "hashes": [
                "sha256:012d716c8b9ed1e513fcc4b18e5af16a8791f51e6d1716baccf988ad355c5a1f",
                "sha256:1799de61b8b755cd20ab7aca078892ca4f0dc7c96c63c231082dfe7d81644a8c",
                "sha256:31be264534e3b0afb4d1ac8d357424f0742a93a6b604d5ad8c96f6472f62f827",
                "sha256:3c6b2bfc3eae756142158439d6108d53e208976e3882377afe921e6c60df3034",
                "sha256:4faa759cf363752d6a1460922431530d4c40ccf8780e332fb7d3b3990ceda8f5",
                "sha256:5a533c8c08bbc542fe3e4f0e4ea95e15ee19157a739d84b64ea096a91424e824",
                "sha256:6445dd41054a90fa97c649d3dc9d70511d129831cc1806bbe9628eab4e72fe30",
                "sha256:b7ffc1a7b7e4afe9f117aecd0d0cf923add96c821fb652ff99a3368ecea9ddb6",
                "sha256:bf977b5e7f7354b100f74c604035fda467539aa252bdbadec89191c794f40560",
                "sha256:c7f11495188ffbf6550faa1f029d139f155d88fe25efde4def8dff22d4d66376",
                "sha256:d0f2caea8906de62239f34f275306693093d600b23070709713d97a1849edb66",
                "sha256:db8531579b777e2bafb1b004224206685614069d276ff1d9a9f4c6c9b44485d9",
                "sha256:e9453a5d93df3c687fc1ed214a3981a6721d7fb1f86afd918a72b27556b6f5e1",
                "sha256:f46f06eb2230e958bfc24d6509f1679b4843f9f35ef79c89aecede91f3b21842",
                "sha256:f74887a4da0e1b8ea1b393be008da2e1810d08cde899195c927cc8ce40178e86"
            ],
            "index": "pypi",
            "version": "==3.0.3"
        },
        "numpy": {
            "hashes": [
                "sha256:0172304e7d8d40e9e49553901903dc5f5a49a703363ed756796f5808a06fc233",
                "sha256:34e96e9dae65c4839bd80012023aadd6ee2ccb73ce7fdf3074c62f301e63120b",
                "sha256:3676abe3d621fc467c4c1469ee11e395c82b2d6b5463a9454e37fe9da07cd0d7",
                "sha256:3dd6823d3e04b5f223e3e265b4a1eae15f104f4366edd409e5a5e413a98f911f",
                "sha256:4064f53d4cce69e9ac613256dc2162e56f20a4e2d2086b1956dd2fcf77b7fac5",
                "sha256:4674f7d27a6c1c52a4d1aa5f0881f1eff840d2206989bae6acb1c7668c02ebfb",
                "sha256:7d42ab8cedd175b5ebcb39b5208b25ba104842489ed59fbb29356f671ac93583",
                "sha256:965df25449305092b23d5145b9bdaeb0149b6e41a77a7d728b1644b3c99277c1",
                "sha256:9c9d6531bc1886454f44aa8f809268bc481295cf9740827254f53c30104f074a",
                "sha256:a78e438db8ec26d5d9d0e584b27ef25c7afa5a182d1bf4d05e313d2d6d515271",
                "sha256:a7acefddf994af1aeba05bbbafe4ba983a187079f125146dc5859e6d817df824",
                "sha256:a87f59508c2b7ceb8631c20630118cc546f1f815e034193dc72390db038a5cb3",
                "sha256:ac792b385d81151bae2a5a8adb2b88261ceb4976dbfaaad9ce3a200e036753dc",
                "sha256:b03b2c0badeb606d1232e5f78852c102c0a7989d3a534b3129e7856a52f3d161",
                "sha256:b39321f1a74d1f9183bf1638a745b4fd6fe80efbb1f6b32b932a588b4bc7695f",
                "sha256:cae14a01a159b1ed91a324722d746523ec757357260c6804d11d6147a9e53e3f",
                "sha256:cd49930af1d1e49a812d987c2620ee63965b619257bd76eaaa95870ca08837cf",
                "sha256:e15b382603c58f24265c9c931c9a45eebf44fe2e6b4eaedbb0d025ab3255228b",
                "sha256:e91d31b34fc7c2c8f756b4e902f901f856ae53a93399368d9a0dc7be17ed2ca0",
                "sha256:ef627986941b5edd1ed74ba89ca43196ed197f1a206a3f18cc9faf2fb84fd675",
                "sha256:f718a7949d1c4f622ff548c572e0c03440b49b9531ff00e4ed5738b459f011e8"
            ],
            "index": "pypi",
            "version": "==1.18.5"
        },
        "pycryptodomex": {
            "hashes": [
                "sha256:06f5a458624c9b0e04c0086c7f84bcc578567dab0ddc816e0476b3057b18339f",
                "sha256:1714675fb4ac29a26ced38ca22eb8ffd923ac851b7a6140563863194d7158422",
                "sha256:17272d06e4b2f6455ee2cbe93e8eb50d9450a5dc6223d06862ee1ea5d1235861",
                "sha256:2199708ebeed4b82eb45b10e1754292677f5a0df7d627ee91ea01290b9bab7e6",
                "sha256:2275a663c9e744ee4eace816ef2d446b3060554c5773a92fbc79b05bf47debda",
                "sha256:2710fc8d83b3352b370db932b3710033b9d630b970ff5aaa3e7458b5336e3b32",
                "sha256:35b9c9177a9fe7288b19dd41554c9c8ca1063deb426dd5a02e7e2a7416b6bd11",
                "sha256:3caa32cf807422adf33c10c88c22e9e2e08b9d9d042f12e1e25fe23113dd618f",
                "sha256:48cc2cfc251f04a6142badeb666d1ff49ca6fdfc303fd72579f62b768aaa52b9",
                "sha256:4ae6379350a09339109e9b6f419bb2c3f03d3e441f4b0f5b8ca699d47cc9ff7e",
                "sha256:4e0b27697fa1621c6d3d3b4edeec723c2e841285de6a8d378c1962da77b349be",
                "sha256:58e19560814dabf5d788b95a13f6b98279cf41a49b1e49ee6cf6c79a57adb4c9",
                "sha256:8044eae59301dd392fbb4a7c5d64e1aea8ef0be2540549807ecbe703d6233d68",
                "sha256:89be1bf55e50116fe7e493a7c0c483099770dd7f81b87ac8d04a43b1a203e259",
                "sha256:8fcdda24dddf47f716400d54fc7f75cadaaba1dd47cc127e59d752c9c0fc3c48",
                "sha256:914fbb18e29c54585e6aa39d300385f90d0fa3b3cc02ed829b08f95c1acf60c2",
                "sha256:93a75d1acd54efed314b82c952b39eac96ce98d241ad7431547442e5c56138aa",
                "sha256:9fd758e5e2fe02d57860b85da34a1a1e7037155c4eadc2326fc7af02f9cae214",
                "sha256:a2bc4e1a2e6ca3a18b2e0be6131a23af76fecb37990c159df6edc7da6df913e3",
                "sha256:a2ee8ba99d33e1a434fcd27d7d0aa7964163efeee0730fe2efc9d60edae1fc71",
                "sha256:b2d756620078570d3f940c84bc94dd30aa362b795cce8b2723300a8800b87f1c",
                "sha256:c0d085c8187a1e4d3402f626c9e438b5861151ab132d8761d9c5ce6491a87761",
                "sha256:c990f2c58f7c67688e9e86e6557ed05952669ff6f1343e77b459007d85f7df00",
                "sha256:ccbbec59bf4b74226170c54476da5780c9176bae084878fc94d9a2c841218e34",
                "sha256:dc2bed32c7b138f1331794e454a953360c8cedf3ee62ae31f063822da6007489",
                "sha256:e070a1f91202ed34c396be5ea842b886f6fa2b90d2db437dc9fb35a26c80c060",
                "sha256:e42860fbe1292668b682f6dabd225fbe2a7a4fa1632f0c39881c019e93dea594",
                "sha256:e4e1c486bf226822c8dceac81d0ec59c0a2399dbd1b9e04f03c3efa3605db677",
                "sha256:ea4d4b58f9bc34e224ef4b4604a6be03d72ef1f8c486391f970205f6733dbc46",
                "sha256:f60b3484ce4be04f5da3777c51c5140d3fe21cdd6674f2b6568f41c8130bcdeb"
            ],
            "version": "==3.9.8"
        },
        "pytz": {
            "hashes": [
                "sha256:1c557d7d0e871de1f5ccd5833f60fb2550652da6be2693c1e02300743d21500d",
                "sha256:b02c06db6cf09c12dd25137e563b31700d3b80fcc4ad23abb7a315f2789819be"
            ],
            "index": "pypi",
            "version": "==2019.3"
        },
        "regex": {
            "hashes": [
                "sha256:746f9edda5810693f64d21ab1eca06ef83edae35c58b5bf88a47d8033ad46005",
                "sha256:7b52942613201a6360163d16f8d0c2d933f5ebc5c99081778f20da8fa82969d8",
                "sha256:87bd6d8b8cd7b8cf6d1a197289a71ca94f6822e82c365fe5fc6ed6be8eedb444",
                "sha256:89ca47786df9e41e43541821715f6a208a656a8a3a5bc171a8dd1359ee806579",
                "sha256:91af45146e33beb5b3f3c7780d12b46a26c840b762d9f3575b4a97ba9948ad66",
                "sha256:9fe00437e12cb533341c6b30c1894b2a7e209c227f8ac6e6c93414ba145ea916",
                "sha256:a81567f88a2bf28de44e2a525bebb2088894734bcc42cdd66c3749e086a2bb56",
                "sha256:b0e3b3df11df39bbdc6a81bbafa6d1fa6a2d3c516bad626dea5c2a47a495f5d2",
                "sha256:b813ad96647ace4b30a8b5afaccf12d7d7ead8a01685d2aa3d90c24ed793228b",
                "sha256:cb9f16f3ac8347ee6897cd130c0a2806d6018e2c952db7d536baaac5db048da9",
                "sha256:d03b7ae00708fe05f66d57b3e9f0f375477a3e0828657c745a56905be8873df5",
                "sha256:d09999c744046b4935fa87296e0c713b6129d3a689e008f4ce3deab9bde37027",
                "sha256:eaf5fe26482b7ac725af9dc74c711a7303a46b15c9953b22ed7132da48172dde",
                "sha256:ee069308c2757e565cc2b6f417ba5288e76cfe4c1764b6826063f4fbd53219d7",
                "sha256:fe228be0cc496e907d72fad9406ffac738ffb241590d8099871b52fc9ab8d23a"
            ],
            "index": "pypi",
            "version": "==2017.12.12"
        },
        "six": {
            "hashes": [
                "sha256:30639c035cdb23534cd4aa2dd52c3bf48f06e5f4a941509c8bafd8ce11080259",
                "sha256:8b74bedcbbbaca38ff6d7491d76f2b06b3592611af620f8426e82dddb04a5ced"
            ],
            "version": "==1.15.0"
        },
        "summarize-from-preferences": {
            "editable": true,
            "path": "."
        },
        "termcolor": {
            "hashes": [
                "sha256:1d6d69ce66211143803fbc56652b41d73b4a400a2891d7bf7a1cdf4c02de613b"
            ],
            "version": "==1.1.0"
        },
        "torch": {
            "hashes": [
                "sha256:271d4d1e44df6ed57c530f8849b028447c62b8a19b8e8740dd9baa56e7f682c1",
                "sha256:30ce089475b287a37d6fbb8d71853e672edaf66699e3dd2eb19be6ce6296732a",
                "sha256:405b9eb40e44037d2525b3ddb5bc4c66b519cd742bff249d4207d23f83e88ea5",
                "sha256:504915c6bc6051ba6a4c2a43c446463dff04411e352f1e26fe13debeae431778",
                "sha256:54d06a0e8ee85e5a437c24f4af9f4196c819294c23ffb5914e177756f55f1829",
                "sha256:6f2fd9eb8c7eaf38a982ab266dbbfba0f29fb643bc74e677d045d6f2595e4692",
                "sha256:8856f334aa9ecb742c1504bd2563d0ffb8dceb97149c8d72a04afa357f667dbc",
                "sha256:8fff03bf7b474c16e4b50da65ea14200cc64553b67b9b2307f9dc7e8c69b9d28",
                "sha256:9a1b1db73d8dcfd94b2eee24b939368742aa85f1217c55b8f5681e76c581e99a",
                "sha256:bb1e87063661414e1149bef2e3a2499ce0b5060290799d7e26bc5578037075ba",
                "sha256:d7b34a78f021935ad727a3bede56a8a8d4fda0b0272314a04c5f6890bbe7bb29"
            ],
            "index": "pypi",
            "version": "==1.4.0"
        },
        "typeguard": {
            "hashes": [
                "sha256:5b90905662970cb47029cd5800b17b81608162ea2fcab7e5fd19bcc04a7d0b42",
                "sha256:5ecab47551c42a8090dcb914c550287a09caf599b4d47958445494f2822165aa"
            ],
            "index": "pypi",
            "version": "==2.5.0"
        },
        "urllib3": {
            "hashes": [
                "sha256:91056c15fa70756691db97756772bb1eb9678fa585d9184f24534b100dc60f4a",
                "sha256:e7983572181f5e1522d9c98453462384ee92a0be7fac5f1413a1e35c56cc0461"
            ],
            "version": "==1.25.10"
        },
        "wcwidth": {
            "hashes": [
                "sha256:beb4802a9cebb9144e99086eff703a642a13d6a0052920003a230f3294bbe784",
                "sha256:c4d647b99872929fdb7bdcaa4fbe7f01413ed3d98077df798530e5b04f116c83"
            ],
            "version": "==0.2.5"
        },
        "xmltodict": {
            "hashes": [
                "sha256:50d8c638ed7ecb88d90561beedbf720c9b4e851a9fa6c47ebd64e99d166d8a21",
                "sha256:8bbcb45cc982f48b2ca8fe7e7827c5d792f217ecf1792626f808bf41c3b86051"
            ],
            "version": "==0.12.0"
        }
    },
    "develop": {
        "attrs": {
            "hashes": [
                "sha256:26b54ddbbb9ee1d34d5d3668dd37d6cf74990ab23c828c2888dccdceee395594",
                "sha256:fce7fc47dfc976152e82d53ff92fa0407700c21acd20886a13777a0d20e655dc"
            ],
            "version": "==20.2.0"
        },
        "importlib-metadata": {
            "hashes": [
                "sha256:90bb658cdbbf6d1735b6341ce708fc7024a3e14e99ffdc5783edea9f9b077f83",
                "sha256:dc15b2969b4ce36305c51eebe62d418ac7791e9a157911d58bfb1f9ccd8e2070"
            ],
            "markers": "python_version < '3.8'",
            "version": "==1.7.0"
        },
        "more-itertools": {
            "hashes": [
                "sha256:6f83822ae94818eae2612063a5101a7311e68ae8002005b5e05f03fd74a86a20",
                "sha256:9b30f12df9393f0d28af9210ff8efe48d10c94f73e5daf886f10c4b0b0b4f03c"
            ],
            "version": "==8.5.0"
        },
        "packaging": {
            "hashes": [
                "sha256:4357f74f47b9c12db93624a82154e9b120fa8293699949152b22065d556079f8",
                "sha256:998416ba6962ae7fbd6596850b80e17859a5753ba17c32284f67bfff33784181"
            ],
            "version": "==20.4"
        },
        "pluggy": {
            "hashes": [
                "sha256:15b2acde666561e1298d71b523007ed7364de07029219b604cf808bfa1c765b0",
                "sha256:966c145cd83c96502c3c3868f50408687b38434af77734af1e9ca461a4081d2d"
            ],
            "version": "==0.13.1"
        },
        "py": {
            "hashes": [
                "sha256:366389d1db726cd2fcfc79732e75410e5fe4d31db13692115529d34069a043c2",
                "sha256:9ca6883ce56b4e8da7e79ac18787889fa5206c79dcc67fb065376cd2fe03f342"
            ],
            "version": "==1.9.0"
        },
        "pyparsing": {
            "hashes": [
                "sha256:c203ec8783bf771a155b207279b9bccb8dea02d8f0c9e5f8ead507bc3246ecc1",
                "sha256:ef9d7589ef3c200abe66653d3f1ab1033c3c419ae9b9bdb1240a85b024efc88b"
            ],
            "version": "==2.4.7"
        },
        "pytest": {
            "hashes": [
                "sha256:5c0db86b698e8f170ba4582a492248919255fcd4c79b1ee64ace34301fb589a1",
                "sha256:7979331bfcba207414f5e1263b5a0f8f521d0f457318836a7355531ed1a4c7d8"
            ],
            "index": "pypi",
            "version": "==5.4.3"
        },
        "six": {
            "hashes": [
                "sha256:30639c035cdb23534cd4aa2dd52c3bf48f06e5f4a941509c8bafd8ce11080259",
                "sha256:8b74bedcbbbaca38ff6d7491d76f2b06b3592611af620f8426e82dddb04a5ced"
            ],
            "version": "==1.15.0"
        },
        "wcwidth": {
            "hashes": [
                "sha256:beb4802a9cebb9144e99086eff703a642a13d6a0052920003a230f3294bbe784",
                "sha256:c4d647b99872929fdb7bdcaa4fbe7f01413ed3d98077df798530e5b04f116c83"
            ],
            "version": "==0.2.5"
        },
        "zipp": {
            "hashes": [
                "sha256:aa36550ff0c0b7ef7fa639055d797116ee891440eac1a56f378e2d3179e0320b",
                "sha256:c599e4d75c98f6798c509911d08a22e6c021d074469042177c8c86fb92eefd96"
            ],
            "version": "==3.1.0"
        }
    }
}
